
Microsoft Visual Studio Solution File, Format Version 12.00
# Visual Studio 2017
Project("{FAE04EC0-301F-11D3-BF4B-00C04F79EFBC}") = "BaseProject.Test", "BaseProject.Test.csproj", "{F690268D-E03A-49CF-9C39-17FFAD537533}"
EndProject
Global
	GlobalSection(SolutionConfigurationPlatforms) = preSolution
		Debug|Any CPU = Debug|Any CPU
		Release|Any CPU = Release|Any CPU
	EndGlobalSection
	GlobalSection(ProjectConfigurationPlatforms) = postSolution
		{F690268D-E03A-49CF-9C39-17FFAD537533}.Debug|Any CPU.ActiveCfg = Debug|Any CPU
		{F690268D-E03A-49CF-9C39-17FFAD537533}.Debug|Any CPU.Build.0 = Debug|Any CPU
		{F690268D-E03A-49CF-9C39-17FFAD537533}.Release|Any CPU.ActiveCfg = Release|Any CPU
		{F690268D-E03A-49CF-9C39-17FFAD537533}.Release|Any CPU.Build.0 = Release|Any CPU
	EndGlobalSection
EndGlobal
